
Microsoft Visual Studio Solution File, Format Version 12.00
# Visual Studio Version 16
VisualStudioVersion = 16.0.30804.86
MinimumVisualStudioVersion = 10.0.40219.1
Project("{9A19103F-16F7-4668-BE54-9A1E7A4F7556}") = "HierarchyChallenge", "HierarchyChallenge.BusinessLogic\HierarchyChallenge.csproj", "{72B207FD-7DED-49E8-8516-8D2626C4B6C1}"
EndProject
Project("{9A19103F-16F7-4668-BE54-9A1E7A4F7556}") = "HierarchyChallengeTests", "HierarchyChallengeTests\HierarchyChallengeTests.csproj", "{9029661E-B2F7-4F7D-A52A-2BFC25567C9A}"
EndProject
Project("{FAE04EC0-301F-11D3-BF4B-00C04F79EFBC}") = "TestConsoleApp", "TestConsole\TestConsoleApp.csproj", "{4BF32A5A-3C15-4DAD-9FD6-5C0A83F19FE2}"
EndProject
Global
	GlobalSection(SolutionConfigurationPlatforms) = preSolution
		Debug|Any CPU = Debug|Any CPU
		Release|Any CPU = Release|Any CPU
	EndGlobalSection
	GlobalSection(ProjectConfigurationPlatforms) = postSolution
		{72B207FD-7DED-49E8-8516-8D2626C4B6C1}.Debug|Any CPU.ActiveCfg = Debug|Any CPU
		{72B207FD-7DED-49E8-8516-8D2626C4B6C1}.Debug|Any CPU.Build.0 = Debug|Any CPU
		{72B207FD-7DED-49E8-8516-8D2626C4B6C1}.Release|Any CPU.ActiveCfg = Release|Any CPU
		{72B207FD-7DED-49E8-8516-8D2626C4B6C1}.Release|Any CPU.Build.0 = Release|Any CPU
		{9029661E-B2F7-4F7D-A52A-2BFC25567C9A}.Debug|Any CPU.ActiveCfg = Debug|Any CPU
		{9029661E-B2F7-4F7D-A52A-2BFC25567C9A}.Debug|Any CPU.Build.0 = Debug|Any CPU
		{9029661E-B2F7-4F7D-A52A-2BFC25567C9A}.Release|Any CPU.ActiveCfg = Release|Any CPU
		{9029661E-B2F7-4F7D-A52A-2BFC25567C9A}.Release|Any CPU.Build.0 = Release|Any CPU
		{4BF32A5A-3C15-4DAD-9FD6-5C0A83F19FE2}.Debug|Any CPU.ActiveCfg = Debug|Any CPU
		{4BF32A5A-3C15-4DAD-9FD6-5C0A83F19FE2}.Debug|Any CPU.Build.0 = Debug|Any CPU
		{4BF32A5A-3C15-4DAD-9FD6-5C0A83F19FE2}.Release|Any CPU.ActiveCfg = Release|Any CPU
		{4BF32A5A-3C15-4DAD-9FD6-5C0A83F19FE2}.Release|Any CPU.Build.0 = Release|Any CPU
	EndGlobalSection
	GlobalSection(SolutionProperties) = preSolution
		HideSolutionNode = FALSE
	EndGlobalSection
	GlobalSection(ExtensibilityGlobals) = postSolution
		SolutionGuid = {653B68AF-B035-4070-A81B-6E13E1C892A1}
	EndGlobalSection
EndGlobal
